// !$*UTF8*$!
{
	archiveVersion = 1;
	classes = {
	};
	objectVersion = 56;
	objects = {

/* Begin PBXBuildFile section */
		B200D1732ABB12DA00EB11B4 /* Messenger_OpenAIApp.swift in Sources */ = {isa = PBXBuildFile; fileRef = B200D1722ABB12DA00EB11B4 /* Messenger_OpenAIApp.swift */; };
		B200D1752ABB12DA00EB11B4 /* MenuView.swift in Sources */ = {isa = PBXBuildFile; fileRef = B200D1742ABB12DA00EB11B4 /* MenuView.swift */; };
		B200D1772ABB12DA00EB11B4 /* Message.swift in Sources */ = {isa = PBXBuildFile; fileRef = B200D1762ABB12DA00EB11B4 /* Message.swift */; };
		B200D1792ABB12DC00EB11B4 /* Assets.xcassets in Resources */ = {isa = PBXBuildFile; fileRef = B200D1782ABB12DC00EB11B4 /* Assets.xcassets */; };
		B200D17C2ABB12DC00EB11B4 /* Preview Assets.xcassets in Resources */ = {isa = PBXBuildFile; fileRef = B200D17B2ABB12DC00EB11B4 /* Preview Assets.xcassets */; };
		B200D1882ABB12DC00EB11B4 /* Messenger_OpenAITests.swift in Sources */ = {isa = PBXBuildFile; fileRef = B200D1872ABB12DC00EB11B4 /* Messenger_OpenAITests.swift */; };
		B200D1922ABB12DC00EB11B4 /* Messenger_OpenAIUITests.swift in Sources */ = {isa = PBXBuildFile; fileRef = B200D1912ABB12DC00EB11B4 /* Messenger_OpenAIUITests.swift */; };
		B200D1942ABB12DC00EB11B4 /* Messenger_OpenAIUITestsLaunchTests.swift in Sources */ = {isa = PBXBuildFile; fileRef = B200D1932ABB12DC00EB11B4 /* Messenger_OpenAIUITestsLaunchTests.swift */; };
		B226637F2ABD7F9200FB7C41 /* Author.swift in Sources */ = {isa = PBXBuildFile; fileRef = B226637E2ABD7F9200FB7C41 /* Author.swift */; };
		B22663812ABD863100FB7C41 /* DummyData.swift in Sources */ = {isa = PBXBuildFile; fileRef = B22663802ABD863100FB7C41 /* DummyData.swift */; };
		B2E0E0032ABED86900308BEA /* ViewExtensions.swift in Sources */ = {isa = PBXBuildFile; fileRef = B2E0E0022ABED86900308BEA /* ViewExtensions.swift */; };
		B2E0E0052ABEEA3400308BEA /* Conversation.swift in Sources */ = {isa = PBXBuildFile; fileRef = B2E0E0042ABEEA3400308BEA /* Conversation.swift */; };
		B2E0E0072ABEFA8C00308BEA /* ConversationView.swift in Sources */ = {isa = PBXBuildFile; fileRef = B2E0E0062ABEFA8C00308BEA /* ConversationView.swift */; };
		B2E0E00A2ABF2FE300308BEA /* OptionalDateComparator.swift in Sources */ = {isa = PBXBuildFile; fileRef = B2E0E0092ABF2FE300308BEA /* OptionalDateComparator.swift */; };
		B2FDD0822ABD89700074D730 /* ConversationCellView.swift in Sources */ = {isa = PBXBuildFile; fileRef = B2FDD0812ABD89700074D730 /* ConversationCellView.swift */; };
		B2FDD0852ABD993F0074D730 /* CustomContainer.swift in Sources */ = {isa = PBXBuildFile; fileRef = B2FDD0842ABD993F0074D730 /* CustomContainer.swift */; };
		B2FDD0882ABDC10B0074D730 /* PreviewContainer.swift in Sources */ = {isa = PBXBuildFile; fileRef = B2FDD0872ABDC10B0074D730 /* PreviewContainer.swift */; };
		B2FDD08B2ABDC59A0074D730 /* ColorExtensions.swift in Sources */ = {isa = PBXBuildFile; fileRef = B2FDD08A2ABDC59A0074D730 /* ColorExtensions.swift */; };
		B2FDD08D2ABDDAF80074D730 /* Profession.swift in Sources */ = {isa = PBXBuildFile; fileRef = B2FDD08C2ABDDAF80074D730 /* Profession.swift */; };
		B2FDD08F2ABDDB140074D730 /* DateExtensions.swift in Sources */ = {isa = PBXBuildFile; fileRef = B2FDD08E2ABDDB140074D730 /* DateExtensions.swift */; };
		B2FDD0912ABDE0610074D730 /* IntExtension.swift in Sources */ = {isa = PBXBuildFile; fileRef = B2FDD0902ABDE0610074D730 /* IntExtension.swift */; };
/* End PBXBuildFile section */

/* Begin PBXContainerItemProxy section */
		B200D1842ABB12DC00EB11B4 /* PBXContainerItemProxy */ = {
			isa = PBXContainerItemProxy;
			containerPortal = B200D1672ABB12DA00EB11B4 /* Project object */;
			proxyType = 1;
			remoteGlobalIDString = B200D16E2ABB12DA00EB11B4;
			remoteInfo = "Messenger-OpenAI";
		};
		B200D18E2ABB12DC00EB11B4 /* PBXContainerItemProxy */ = {
			isa = PBXContainerItemProxy;
			containerPortal = B200D1672ABB12DA00EB11B4 /* Project object */;
			proxyType = 1;
			remoteGlobalIDString = B200D16E2ABB12DA00EB11B4;
			remoteInfo = "Messenger-OpenAI";
		};
/* End PBXContainerItemProxy section */

/* Begin PBXFileReference section */
		B200D16F2ABB12DA00EB11B4 /* Messenger-OpenAI.app */ = {isa = PBXFileReference; explicitFileType = wrapper.application; includeInIndex = 0; path = "Messenger-OpenAI.app"; sourceTree = BUILT_PRODUCTS_DIR; };
		B200D1722ABB12DA00EB11B4 /* Messenger_OpenAIApp.swift */ = {isa = PBXFileReference; lastKnownFileType = sourcecode.swift; path = Messenger_OpenAIApp.swift; sourceTree = "<group>"; };
		B200D1742ABB12DA00EB11B4 /* MenuView.swift */ = {isa = PBXFileReference; lastKnownFileType = sourcecode.swift; path = MenuView.swift; sourceTree = "<group>"; };
		B200D1762ABB12DA00EB11B4 /* Message.swift */ = {isa = PBXFileReference; lastKnownFileType = sourcecode.swift; path = Message.swift; sourceTree = "<group>"; };
		B200D1782ABB12DC00EB11B4 /* Assets.xcassets */ = {isa = PBXFileReference; lastKnownFileType = folder.assetcatalog; path = Assets.xcassets; sourceTree = "<group>"; };
		B200D17B2ABB12DC00EB11B4 /* Preview Assets.xcassets */ = {isa = PBXFileReference; lastKnownFileType = folder.assetcatalog; path = "Preview Assets.xcassets"; sourceTree = "<group>"; };
		B200D17D2ABB12DC00EB11B4 /* Messenger_OpenAI.entitlements */ = {isa = PBXFileReference; lastKnownFileType = text.plist.entitlements; path = Messenger_OpenAI.entitlements; sourceTree = "<group>"; };
		B200D17E2ABB12DC00EB11B4 /* Info.plist */ = {isa = PBXFileReference; lastKnownFileType = text.plist.xml; path = Info.plist; sourceTree = "<group>"; };
		B200D1832ABB12DC00EB11B4 /* Messenger-OpenAITests.xctest */ = {isa = PBXFileReference; explicitFileType = wrapper.cfbundle; includeInIndex = 0; path = "Messenger-OpenAITests.xctest"; sourceTree = BUILT_PRODUCTS_DIR; };
		B200D1872ABB12DC00EB11B4 /* Messenger_OpenAITests.swift */ = {isa = PBXFileReference; lastKnownFileType = sourcecode.swift; path = Messenger_OpenAITests.swift; sourceTree = "<group>"; };
		B200D18D2ABB12DC00EB11B4 /* Messenger-OpenAIUITests.xctest */ = {isa = PBXFileReference; explicitFileType = wrapper.cfbundle; includeInIndex = 0; path = "Messenger-OpenAIUITests.xctest"; sourceTree = BUILT_PRODUCTS_DIR; };
		B200D1912ABB12DC00EB11B4 /* Messenger_OpenAIUITests.swift */ = {isa = PBXFileReference; lastKnownFileType = sourcecode.swift; path = Messenger_OpenAIUITests.swift; sourceTree = "<group>"; };
		B200D1932ABB12DC00EB11B4 /* Messenger_OpenAIUITestsLaunchTests.swift */ = {isa = PBXFileReference; lastKnownFileType = sourcecode.swift; path = Messenger_OpenAIUITestsLaunchTests.swift; sourceTree = "<group>"; };
		B226637E2ABD7F9200FB7C41 /* Author.swift */ = {isa = PBXFileReference; lastKnownFileType = sourcecode.swift; path = Author.swift; sourceTree = "<group>"; };
		B22663802ABD863100FB7C41 /* DummyData.swift */ = {isa = PBXFileReference; lastKnownFileType = sourcecode.swift; path = DummyData.swift; sourceTree = "<group>"; };
		B2E0E0022ABED86900308BEA /* ViewExtensions.swift */ = {isa = PBXFileReference; lastKnownFileType = sourcecode.swift; path = ViewExtensions.swift; sourceTree = "<group>"; };
		B2E0E0042ABEEA3400308BEA /* Conversation.swift */ = {isa = PBXFileReference; lastKnownFileType = sourcecode.swift; path = Conversation.swift; sourceTree = "<group>"; };
		B2E0E0062ABEFA8C00308BEA /* ConversationView.swift */ = {isa = PBXFileReference; lastKnownFileType = sourcecode.swift; path = ConversationView.swift; sourceTree = "<group>"; };
		B2E0E0092ABF2FE300308BEA /* OptionalDateComparator.swift */ = {isa = PBXFileReference; lastKnownFileType = sourcecode.swift; path = OptionalDateComparator.swift; sourceTree = "<group>"; };
		B2FDD0812ABD89700074D730 /* ConversationCellView.swift */ = {isa = PBXFileReference; lastKnownFileType = sourcecode.swift; path = ConversationCellView.swift; sourceTree = "<group>"; };
		B2FDD0842ABD993F0074D730 /* CustomContainer.swift */ = {isa = PBXFileReference; lastKnownFileType = sourcecode.swift; path = CustomContainer.swift; sourceTree = "<group>"; };
		B2FDD0872ABDC10B0074D730 /* PreviewContainer.swift */ = {isa = PBXFileReference; lastKnownFileType = sourcecode.swift; path = PreviewContainer.swift; sourceTree = "<group>"; };
		B2FDD08A2ABDC59A0074D730 /* ColorExtensions.swift */ = {isa = PBXFileReference; lastKnownFileType = sourcecode.swift; path = ColorExtensions.swift; sourceTree = "<group>"; };
		B2FDD08C2ABDDAF80074D730 /* Profession.swift */ = {isa = PBXFileReference; lastKnownFileType = sourcecode.swift; path = Profession.swift; sourceTree = "<group>"; };
		B2FDD08E2ABDDB140074D730 /* DateExtensions.swift */ = {isa = PBXFileReference; lastKnownFileType = sourcecode.swift; path = DateExtensions.swift; sourceTree = "<group>"; };
		B2FDD0902ABDE0610074D730 /* IntExtension.swift */ = {isa = PBXFileReference; lastKnownFileType = sourcecode.swift; path = IntExtension.swift; sourceTree = "<group>"; };
/* End PBXFileReference section */

/* Begin PBXFrameworksBuildPhase section */
		B200D16C2ABB12DA00EB11B4 /* Frameworks */ = {
			isa = PBXFrameworksBuildPhase;
			buildActionMask = 2147483647;
			files = (
			);
			runOnlyForDeploymentPostprocessing = 0;
		};
		B200D1802ABB12DC00EB11B4 /* Frameworks */ = {
			isa = PBXFrameworksBuildPhase;
			buildActionMask = 2147483647;
			files = (
			);
			runOnlyForDeploymentPostprocessing = 0;
		};
		B200D18A2ABB12DC00EB11B4 /* Frameworks */ = {
			isa = PBXFrameworksBuildPhase;
			buildActionMask = 2147483647;
			files = (
			);
			runOnlyForDeploymentPostprocessing = 0;
		};
/* End PBXFrameworksBuildPhase section */

/* Begin PBXGroup section */
		B200D1662ABB12DA00EB11B4 = {
			isa = PBXGroup;
			children = (
				B200D1712ABB12DA00EB11B4 /* Messenger-OpenAI */,
				B200D1862ABB12DC00EB11B4 /* Messenger-OpenAITests */,
				B200D1902ABB12DC00EB11B4 /* Messenger-OpenAIUITests */,
				B200D1702ABB12DA00EB11B4 /* Products */,
			);
			sourceTree = "<group>";
		};
		B200D1702ABB12DA00EB11B4 /* Products */ = {
			isa = PBXGroup;
			children = (
				B200D16F2ABB12DA00EB11B4 /* Messenger-OpenAI.app */,
				B200D1832ABB12DC00EB11B4 /* Messenger-OpenAITests.xctest */,
				B200D18D2ABB12DC00EB11B4 /* Messenger-OpenAIUITests.xctest */,
			);
			name = Products;
			sourceTree = "<group>";
		};
		B200D1712ABB12DA00EB11B4 /* Messenger-OpenAI */ = {
			isa = PBXGroup;
			children = (
				B2E0E0082ABF2FCE00308BEA /* Utilities */,
				B200D1722ABB12DA00EB11B4 /* Messenger_OpenAIApp.swift */,
				B200D1782ABB12DC00EB11B4 /* Assets.xcassets */,
				B200D17D2ABB12DC00EB11B4 /* Messenger_OpenAI.entitlements */,
				B200D17E2ABB12DC00EB11B4 /* Info.plist */,
				B2FDD0892ABDC5460074D730 /* Extensions */,
				B226637D2ABD7E8400FB7C41 /* Model */,
				B226637C2ABD7E6100FB7C41 /* View Model */,
				B226637B2ABD7E5B00FB7C41 /* View */,
				B200D17A2ABB12DC00EB11B4 /* Preview Content */,
			);
			path = "Messenger-OpenAI";
			sourceTree = "<group>";
		};
		B200D17A2ABB12DC00EB11B4 /* Preview Content */ = {
			isa = PBXGroup;
			children = (
				B200D17B2ABB12DC00EB11B4 /* Preview Assets.xcassets */,
				B22663802ABD863100FB7C41 /* DummyData.swift */,
				B2FDD0872ABDC10B0074D730 /* PreviewContainer.swift */,
			);
			path = "Preview Content";
			sourceTree = "<group>";
		};
		B200D1862ABB12DC00EB11B4 /* Messenger-OpenAITests */ = {
			isa = PBXGroup;
			children = (
				B200D1872ABB12DC00EB11B4 /* Messenger_OpenAITests.swift */,
			);
			path = "Messenger-OpenAITests";
			sourceTree = "<group>";
		};
		B200D1902ABB12DC00EB11B4 /* Messenger-OpenAIUITests */ = {
			isa = PBXGroup;
			children = (
				B200D1912ABB12DC00EB11B4 /* Messenger_OpenAIUITests.swift */,
				B200D1932ABB12DC00EB11B4 /* Messenger_OpenAIUITestsLaunchTests.swift */,
			);
			path = "Messenger-OpenAIUITests";
			sourceTree = "<group>";
		};
		B226637B2ABD7E5B00FB7C41 /* View */ = {
			isa = PBXGroup;
			children = (
				B200D1742ABB12DA00EB11B4 /* MenuView.swift */,
				B2FDD0812ABD89700074D730 /* ConversationCellView.swift */,
				B2E0E0062ABEFA8C00308BEA /* ConversationView.swift */,
			);
			path = View;
			sourceTree = "<group>";
		};
		B226637C2ABD7E6100FB7C41 /* View Model */ = {
			isa = PBXGroup;
			children = (
				B2FDD0842ABD993F0074D730 /* CustomContainer.swift */,
			);
			path = "View Model";
			sourceTree = "<group>";
		};
		B226637D2ABD7E8400FB7C41 /* Model */ = {
			isa = PBXGroup;
			children = (
				B2E0E0042ABEEA3400308BEA /* Conversation.swift */,
				B200D1762ABB12DA00EB11B4 /* Message.swift */,
				B226637E2ABD7F9200FB7C41 /* Author.swift */,
				B2FDD08C2ABDDAF80074D730 /* Profession.swift */,
			);
			path = Model;
			sourceTree = "<group>";
		};
		B2E0E0082ABF2FCE00308BEA /* Utilities */ = {
			isa = PBXGroup;
			children = (
				B2E0E0092ABF2FE300308BEA /* OptionalDateComparator.swift */,
			);
			path = Utilities;
			sourceTree = "<group>";
		};
		B2FDD0892ABDC5460074D730 /* Extensions */ = {
			isa = PBXGroup;
			children = (
				B2FDD08A2ABDC59A0074D730 /* ColorExtensions.swift */,
				B2FDD08E2ABDDB140074D730 /* DateExtensions.swift */,
				B2FDD0902ABDE0610074D730 /* IntExtension.swift */,
				B2E0E0022ABED86900308BEA /* ViewExtensions.swift */,
			);
			path = Extensions;
			sourceTree = "<group>";
		};
/* End PBXGroup section */

/* Begin PBXNativeTarget section */
		B200D16E2ABB12DA00EB11B4 /* Messenger-OpenAI */ = {
			isa = PBXNativeTarget;
			buildConfigurationList = B200D1972ABB12DC00EB11B4 /* Build configuration list for PBXNativeTarget "Messenger-OpenAI" */;
			buildPhases = (
				B200D16B2ABB12DA00EB11B4 /* Sources */,
				B200D16C2ABB12DA00EB11B4 /* Frameworks */,
				B200D16D2ABB12DA00EB11B4 /* Resources */,
			);
			buildRules = (
			);
			dependencies = (
			);
			name = "Messenger-OpenAI";
			productName = "Messenger-OpenAI";
			productReference = B200D16F2ABB12DA00EB11B4 /* Messenger-OpenAI.app */;
			productType = "com.apple.product-type.application";
		};
		B200D1822ABB12DC00EB11B4 /* Messenger-OpenAITests */ = {
			isa = PBXNativeTarget;
			buildConfigurationList = B200D19A2ABB12DC00EB11B4 /* Build configuration list for PBXNativeTarget "Messenger-OpenAITests" */;
			buildPhases = (
				B200D17F2ABB12DC00EB11B4 /* Sources */,
				B200D1802ABB12DC00EB11B4 /* Frameworks */,
				B200D1812ABB12DC00EB11B4 /* Resources */,
			);
			buildRules = (
			);
			dependencies = (
				B200D1852ABB12DC00EB11B4 /* PBXTargetDependency */,
			);
			name = "Messenger-OpenAITests";
			productName = "Messenger-OpenAITests";
			productReference = B200D1832ABB12DC00EB11B4 /* Messenger-OpenAITests.xctest */;
			productType = "com.apple.product-type.bundle.unit-test";
		};
		B200D18C2ABB12DC00EB11B4 /* Messenger-OpenAIUITests */ = {
			isa = PBXNativeTarget;
			buildConfigurationList = B200D19D2ABB12DC00EB11B4 /* Build configuration list for PBXNativeTarget "Messenger-OpenAIUITests" */;
			buildPhases = (
				B200D1892ABB12DC00EB11B4 /* Sources */,
				B200D18A2ABB12DC00EB11B4 /* Frameworks */,
				B200D18B2ABB12DC00EB11B4 /* Resources */,
				B2FDD0832ABD8AFD0074D730 /* ShellScript */,
			);
			buildRules = (
			);
			dependencies = (
				B200D18F2ABB12DC00EB11B4 /* PBXTargetDependency */,
			);
			name = "Messenger-OpenAIUITests";
			productName = "Messenger-OpenAIUITests";
			productReference = B200D18D2ABB12DC00EB11B4 /* Messenger-OpenAIUITests.xctest */;
			productType = "com.apple.product-type.bundle.ui-testing";
		};
/* End PBXNativeTarget section */

/* Begin PBXProject section */
		B200D1672ABB12DA00EB11B4 /* Project object */ = {
			isa = PBXProject;
			attributes = {
				BuildIndependentTargetsInParallel = 1;
				LastSwiftUpdateCheck = 1500;
				LastUpgradeCheck = 1500;
				TargetAttributes = {
					B200D16E2ABB12DA00EB11B4 = {
						CreatedOnToolsVersion = 15.0;
					};
					B200D1822ABB12DC00EB11B4 = {
						CreatedOnToolsVersion = 15.0;
						TestTargetID = B200D16E2ABB12DA00EB11B4;
					};
					B200D18C2ABB12DC00EB11B4 = {
						CreatedOnToolsVersion = 15.0;
						TestTargetID = B200D16E2ABB12DA00EB11B4;
					};
				};
			};
			buildConfigurationList = B200D16A2ABB12DA00EB11B4 /* Build configuration list for PBXProject "Messenger-OpenAI" */;
			compatibilityVersion = "Xcode 14.0";
			developmentRegion = en;
			hasScannedForEncodings = 0;
			knownRegions = (
				en,
				Base,
			);
			mainGroup = B200D1662ABB12DA00EB11B4;
			productRefGroup = B200D1702ABB12DA00EB11B4 /* Products */;
			projectDirPath = "";
			projectRoot = "";
			targets = (
				B200D16E2ABB12DA00EB11B4 /* Messenger-OpenAI */,
				B200D1822ABB12DC00EB11B4 /* Messenger-OpenAITests */,
				B200D18C2ABB12DC00EB11B4 /* Messenger-OpenAIUITests */,
			);
		};
/* End PBXProject section */

/* Begin PBXResourcesBuildPhase section */
		B200D16D2ABB12DA00EB11B4 /* Resources */ = {
			isa = PBXResourcesBuildPhase;
			buildActionMask = 2147483647;
			files = (
				B200D17C2ABB12DC00EB11B4 /* Preview Assets.xcassets in Resources */,
				B200D1792ABB12DC00EB11B4 /* Assets.xcassets in Resources */,
			);
			runOnlyForDeploymentPostprocessing = 0;
		};
		B200D1812ABB12DC00EB11B4 /* Resources */ = {
			isa = PBXResourcesBuildPhase;
			buildActionMask = 2147483647;
			files = (
			);
			runOnlyForDeploymentPostprocessing = 0;
		};
		B200D18B2ABB12DC00EB11B4 /* Resources */ = {
			isa = PBXResourcesBuildPhase;
			buildActionMask = 2147483647;
			files = (
			);
			runOnlyForDeploymentPostprocessing = 0;
		};
/* End PBXResourcesBuildPhase section */

/* Begin PBXShellScriptBuildPhase section */
		B2FDD0832ABD8AFD0074D730 /* ShellScript */ = {
			isa = PBXShellScriptBuildPhase;
			alwaysOutOfDate = 1;
			buildActionMask = 12;
			files = (
			);
			inputFileListPaths = (
			);
			inputPaths = (
			);
			outputFileListPaths = (
			);
			outputPaths = (
			);
			runOnlyForDeploymentPostprocessing = 0;
			shellPath = /bin/sh;
			shellScript = "if [[ \"$(uname -m)\" == arm64 ]]; then\n    export PATH=\"/opt/homebrew/bin:$PATH\"\nfi\n\nif which swiftlint > /dev/null; then\n  swiftlint\nelse\n  echo \"warning: SwiftLint not installed, download from https://github.com/realm/SwiftLint\"\nfi\n";
		};
/* End PBXShellScriptBuildPhase section */

/* Begin PBXSourcesBuildPhase section */
		B200D16B2ABB12DA00EB11B4 /* Sources */ = {
			isa = PBXSourcesBuildPhase;
			buildActionMask = 2147483647;
			files = (
				B200D1752ABB12DA00EB11B4 /* MenuView.swift in Sources */,
				B2FDD0852ABD993F0074D730 /* CustomContainer.swift in Sources */,
				B200D1772ABB12DA00EB11B4 /* Message.swift in Sources */,
				B2E0E00A2ABF2FE300308BEA /* OptionalDateComparator.swift in Sources */,
				B226637F2ABD7F9200FB7C41 /* Author.swift in Sources */,
				B2E0E0052ABEEA3400308BEA /* Conversation.swift in Sources */,
				B2FDD0822ABD89700074D730 /* ConversationCellView.swift in Sources */,
				B2FDD0912ABDE0610074D730 /* IntExtension.swift in Sources */,
				B2FDD08F2ABDDB140074D730 /* DateExtensions.swift in Sources */,
				B2E0E0032ABED86900308BEA /* ViewExtensions.swift in Sources */,
				B2FDD08D2ABDDAF80074D730 /* Profession.swift in Sources */,
				B2FDD08B2ABDC59A0074D730 /* ColorExtensions.swift in Sources */,
				B22663812ABD863100FB7C41 /* DummyData.swift in Sources */,
				B2FDD0882ABDC10B0074D730 /* PreviewContainer.swift in Sources */,
				B200D1732ABB12DA00EB11B4 /* Messenger_OpenAIApp.swift in Sources */,
				B2E0E0072ABEFA8C00308BEA /* ConversationView.swift in Sources */,
			);
			runOnlyForDeploymentPostprocessing = 0;
		};
		B200D17F2ABB12DC00EB11B4 /* Sources */ = {
			isa = PBXSourcesBuildPhase;
			buildActionMask = 2147483647;
			files = (
				B200D1882ABB12DC00EB11B4 /* Messenger_OpenAITests.swift in Sources */,
			);
			runOnlyForDeploymentPostprocessing = 0;
		};
		B200D1892ABB12DC00EB11B4 /* Sources */ = {
			isa = PBXSourcesBuildPhase;
			buildActionMask = 2147483647;
			files = (
				B200D1942ABB12DC00EB11B4 /* Messenger_OpenAIUITestsLaunchTests.swift in Sources */,
				B200D1922ABB12DC00EB11B4 /* Messenger_OpenAIUITests.swift in Sources */,
			);
			runOnlyForDeploymentPostprocessing = 0;
		};
/* End PBXSourcesBuildPhase section */

/* Begin PBXTargetDependency section */
		B200D1852ABB12DC00EB11B4 /* PBXTargetDependency */ = {
			isa = PBXTargetDependency;
			target = B200D16E2ABB12DA00EB11B4 /* Messenger-OpenAI */;
			targetProxy = B200D1842ABB12DC00EB11B4 /* PBXContainerItemProxy */;
		};
		B200D18F2ABB12DC00EB11B4 /* PBXTargetDependency */ = {
			isa = PBXTargetDependency;
			target = B200D16E2ABB12DA00EB11B4 /* Messenger-OpenAI */;
			targetProxy = B200D18E2ABB12DC00EB11B4 /* PBXContainerItemProxy */;
		};
/* End PBXTargetDependency section */

/* Begin XCBuildConfiguration section */
		B200D1952ABB12DC00EB11B4 /* Debug */ = {
			isa = XCBuildConfiguration;
			buildSettings = {
				ALWAYS_SEARCH_USER_PATHS = NO;
				ASSETCATALOG_COMPILER_GENERATE_SWIFT_ASSET_SYMBOL_EXTENSIONS = YES;
				CLANG_ANALYZER_NONNULL = YES;
				CLANG_ANALYZER_NUMBER_OBJECT_CONVERSION = YES_AGGRESSIVE;
				CLANG_CXX_LANGUAGE_STANDARD = "gnu++20";
				CLANG_ENABLE_MODULES = YES;
				CLANG_ENABLE_OBJC_ARC = YES;
				CLANG_ENABLE_OBJC_WEAK = YES;
				CLANG_WARN_BLOCK_CAPTURE_AUTORELEASING = YES;
				CLANG_WARN_BOOL_CONVERSION = YES;
				CLANG_WARN_COMMA = YES;
				CLANG_WARN_CONSTANT_CONVERSION = YES;
				CLANG_WARN_DEPRECATED_OBJC_IMPLEMENTATIONS = YES;
				CLANG_WARN_DIRECT_OBJC_ISA_USAGE = YES_ERROR;
				CLANG_WARN_DOCUMENTATION_COMMENTS = YES;
				CLANG_WARN_EMPTY_BODY = YES;
				CLANG_WARN_ENUM_CONVERSION = YES;
				CLANG_WARN_INFINITE_RECURSION = YES;
				CLANG_WARN_INT_CONVERSION = YES;
				CLANG_WARN_NON_LITERAL_NULL_CONVERSION = YES;
				CLANG_WARN_OBJC_IMPLICIT_RETAIN_SELF = YES;
				CLANG_WARN_OBJC_LITERAL_CONVERSION = YES;
				CLANG_WARN_OBJC_ROOT_CLASS = YES_ERROR;
				CLANG_WARN_QUOTED_INCLUDE_IN_FRAMEWORK_HEADER = YES;
				CLANG_WARN_RANGE_LOOP_ANALYSIS = YES;
				CLANG_WARN_STRICT_PROTOTYPES = YES;
				CLANG_WARN_SUSPICIOUS_MOVE = YES;
				CLANG_WARN_UNGUARDED_AVAILABILITY = YES_AGGRESSIVE;
				CLANG_WARN_UNREACHABLE_CODE = YES;
				CLANG_WARN__DUPLICATE_METHOD_MATCH = YES;
				COPY_PHASE_STRIP = NO;
				DEBUG_INFORMATION_FORMAT = dwarf;
				ENABLE_STRICT_OBJC_MSGSEND = YES;
				ENABLE_TESTABILITY = YES;
				ENABLE_USER_SCRIPT_SANDBOXING = YES;
				GCC_C_LANGUAGE_STANDARD = gnu17;
				GCC_DYNAMIC_NO_PIC = NO;
				GCC_NO_COMMON_BLOCKS = YES;
				GCC_OPTIMIZATION_LEVEL = 0;
				GCC_PREPROCESSOR_DEFINITIONS = (
					"DEBUG=1",
					"$(inherited)",
				);
				GCC_WARN_64_TO_32_BIT_CONVERSION = YES;
				GCC_WARN_ABOUT_RETURN_TYPE = YES_ERROR;
				GCC_WARN_UNDECLARED_SELECTOR = YES;
				GCC_WARN_UNINITIALIZED_AUTOS = YES_AGGRESSIVE;
				GCC_WARN_UNUSED_FUNCTION = YES;
				GCC_WARN_UNUSED_VARIABLE = YES;
				IPHONEOS_DEPLOYMENT_TARGET = 17.0;
				LOCALIZATION_PREFERS_STRING_CATALOGS = YES;
				MTL_ENABLE_DEBUG_INFO = INCLUDE_SOURCE;
				MTL_FAST_MATH = YES;
				ONLY_ACTIVE_ARCH = YES;
				SDKROOT = iphoneos;
				SWIFT_ACTIVE_COMPILATION_CONDITIONS = "DEBUG $(inherited)";
				SWIFT_OPTIMIZATION_LEVEL = "-Onone";
			};
			name = Debug;
		};
		B200D1962ABB12DC00EB11B4 /* Release */ = {
			isa = XCBuildConfiguration;
			buildSettings = {
				ALWAYS_SEARCH_USER_PATHS = NO;
				ASSETCATALOG_COMPILER_GENERATE_SWIFT_ASSET_SYMBOL_EXTENSIONS = YES;
				CLANG_ANALYZER_NONNULL = YES;
				CLANG_ANALYZER_NUMBER_OBJECT_CONVERSION = YES_AGGRESSIVE;
				CLANG_CXX_LANGUAGE_STANDARD = "gnu++20";
				CLANG_ENABLE_MODULES = YES;
				CLANG_ENABLE_OBJC_ARC = YES;
				CLANG_ENABLE_OBJC_WEAK = YES;
				CLANG_WARN_BLOCK_CAPTURE_AUTORELEASING = YES;
				CLANG_WARN_BOOL_CONVERSION = YES;
				CLANG_WARN_COMMA = YES;
				CLANG_WARN_CONSTANT_CONVERSION = YES;
				CLANG_WARN_DEPRECATED_OBJC_IMPLEMENTATIONS = YES;
				CLANG_WARN_DIRECT_OBJC_ISA_USAGE = YES_ERROR;
				CLANG_WARN_DOCUMENTATION_COMMENTS = YES;
				CLANG_WARN_EMPTY_BODY = YES;
				CLANG_WARN_ENUM_CONVERSION = YES;
				CLANG_WARN_INFINITE_RECURSION = YES;
				CLANG_WARN_INT_CONVERSION = YES;
				CLANG_WARN_NON_LITERAL_NULL_CONVERSION = YES;
				CLANG_WARN_OBJC_IMPLICIT_RETAIN_SELF = YES;
				CLANG_WARN_OBJC_LITERAL_CONVERSION = YES;
				CLANG_WARN_OBJC_ROOT_CLASS = YES_ERROR;
				CLANG_WARN_QUOTED_INCLUDE_IN_FRAMEWORK_HEADER = YES;
				CLANG_WARN_RANGE_LOOP_ANALYSIS = YES;
				CLANG_WARN_STRICT_PROTOTYPES = YES;
				CLANG_WARN_SUSPICIOUS_MOVE = YES;
				CLANG_WARN_UNGUARDED_AVAILABILITY = YES_AGGRESSIVE;
				CLANG_WARN_UNREACHABLE_CODE = YES;
				CLANG_WARN__DUPLICATE_METHOD_MATCH = YES;
				COPY_PHASE_STRIP = NO;
				DEBUG_INFORMATION_FORMAT = "dwarf-with-dsym";
				ENABLE_NS_ASSERTIONS = NO;
				ENABLE_STRICT_OBJC_MSGSEND = YES;
				ENABLE_USER_SCRIPT_SANDBOXING = YES;
				GCC_C_LANGUAGE_STANDARD = gnu17;
				GCC_NO_COMMON_BLOCKS = YES;
				GCC_WARN_64_TO_32_BIT_CONVERSION = YES;
				GCC_WARN_ABOUT_RETURN_TYPE = YES_ERROR;
				GCC_WARN_UNDECLARED_SELECTOR = YES;
				GCC_WARN_UNINITIALIZED_AUTOS = YES_AGGRESSIVE;
				GCC_WARN_UNUSED_FUNCTION = YES;
				GCC_WARN_UNUSED_VARIABLE = YES;
				IPHONEOS_DEPLOYMENT_TARGET = 17.0;
				LOCALIZATION_PREFERS_STRING_CATALOGS = YES;
				MTL_ENABLE_DEBUG_INFO = NO;
				MTL_FAST_MATH = YES;
				SDKROOT = iphoneos;
				SWIFT_COMPILATION_MODE = wholemodule;
				VALIDATE_PRODUCT = YES;
			};
			name = Release;
		};
		B200D1982ABB12DC00EB11B4 /* Debug */ = {
			isa = XCBuildConfiguration;
			buildSettings = {
				ASSETCATALOG_COMPILER_APPICON_NAME = AppIcon;
				ASSETCATALOG_COMPILER_GLOBAL_ACCENT_COLOR_NAME = AccentColor;
				CODE_SIGN_ENTITLEMENTS = "Messenger-OpenAI/Messenger_OpenAI.entitlements";
				CODE_SIGN_STYLE = Automatic;
				CURRENT_PROJECT_VERSION = 1;
				DEVELOPMENT_ASSET_PATHS = "\"Messenger-OpenAI/Preview Content\"";
				DEVELOPMENT_TEAM = J6U333HZ7J;
				ENABLE_PREVIEWS = YES;
				GENERATE_INFOPLIST_FILE = YES;
				INFOPLIST_FILE = "Messenger-OpenAI/Info.plist";
				INFOPLIST_KEY_UIApplicationSceneManifest_Generation = YES;
				INFOPLIST_KEY_UIApplicationSupportsIndirectInputEvents = YES;
				INFOPLIST_KEY_UILaunchScreen_Generation = YES;
				INFOPLIST_KEY_UISupportedInterfaceOrientations_iPad = "UIInterfaceOrientationPortrait UIInterfaceOrientationPortraitUpsideDown UIInterfaceOrientationLandscapeLeft UIInterfaceOrientationLandscapeRight";
				INFOPLIST_KEY_UISupportedInterfaceOrientations_iPhone = "UIInterfaceOrientationPortrait UIInterfaceOrientationLandscapeLeft UIInterfaceOrientationLandscapeRight";
				LD_RUNPATH_SEARCH_PATHS = (
					"$(inherited)",
					"@executable_path/Frameworks",
				);
				MARKETING_VERSION = 1.0;
				PRODUCT_BUNDLE_IDENTIFIER = "lukaszbielawski.Messenger-OpenAI";
				PRODUCT_NAME = "$(TARGET_NAME)";
				SWIFT_EMIT_LOC_STRINGS = YES;
				SWIFT_VERSION = 5.0;
				TARGETED_DEVICE_FAMILY = "1,2";
			};
			name = Debug;
		};
		B200D1992ABB12DC00EB11B4 /* Release */ = {
			isa = XCBuildConfiguration;
			buildSettings = {
				ASSETCATALOG_COMPILER_APPICON_NAME = AppIcon;
				ASSETCATALOG_COMPILER_GLOBAL_ACCENT_COLOR_NAME = AccentColor;
				CODE_SIGN_ENTITLEMENTS = "Messenger-OpenAI/Messenger_OpenAI.entitlements";
				CODE_SIGN_STYLE = Automatic;
				CURRENT_PROJECT_VERSION = 1;
				DEVELOPMENT_ASSET_PATHS = "\"Messenger-OpenAI/Preview Content\"";
				DEVELOPMENT_TEAM = J6U333HZ7J;
				ENABLE_PREVIEWS = YES;
				GENERATE_INFOPLIST_FILE = YES;
				INFOPLIST_FILE = "Messenger-OpenAI/Info.plist";
				INFOPLIST_KEY_UIApplicationSceneManifest_Generation = YES;
				INFOPLIST_KEY_UIApplicationSupportsIndirectInputEvents = YES;
				INFOPLIST_KEY_UILaunchScreen_Generation = YES;
				INFOPLIST_KEY_UISupportedInterfaceOrientations_iPad = "UIInterfaceOrientationPortrait UIInterfaceOrientationPortraitUpsideDown UIInterfaceOrientationLandscapeLeft UIInterfaceOrientationLandscapeRight";
				INFOPLIST_KEY_UISupportedInterfaceOrientations_iPhone = "UIInterfaceOrientationPortrait UIInterfaceOrientationLandscapeLeft UIInterfaceOrientationLandscapeRight";
				LD_RUNPATH_SEARCH_PATHS = (
					"$(inherited)",
					"@executable_path/Frameworks",
				);
				MARKETING_VERSION = 1.0;
				PRODUCT_BUNDLE_IDENTIFIER = "lukaszbielawski.Messenger-OpenAI";
				PRODUCT_NAME = "$(TARGET_NAME)";
				SWIFT_EMIT_LOC_STRINGS = YES;
				SWIFT_VERSION = 5.0;
				TARGETED_DEVICE_FAMILY = "1,2";
			};
			name = Release;
		};
		B200D19B2ABB12DC00EB11B4 /* Debug */ = {
			isa = XCBuildConfiguration;
			buildSettings = {
				ALWAYS_EMBED_SWIFT_STANDARD_LIBRARIES = YES;
				BUNDLE_LOADER = "$(TEST_HOST)";
				CODE_SIGN_STYLE = Automatic;
				CURRENT_PROJECT_VERSION = 1;
				DEVELOPMENT_TEAM = J6U333HZ7J;
				GENERATE_INFOPLIST_FILE = YES;
				IPHONEOS_DEPLOYMENT_TARGET = 17.0;
				MARKETING_VERSION = 1.0;
				PRODUCT_BUNDLE_IDENTIFIER = "lukaszbielawski.Messenger-OpenAITests";
				PRODUCT_NAME = "$(TARGET_NAME)";
				SWIFT_EMIT_LOC_STRINGS = NO;
				SWIFT_VERSION = 5.0;
				TARGETED_DEVICE_FAMILY = "1,2";
				TEST_HOST = "$(BUILT_PRODUCTS_DIR)/Messenger-OpenAI.app/$(BUNDLE_EXECUTABLE_FOLDER_PATH)/Messenger-OpenAI";
			};
			name = Debug;
		};
		B200D19C2ABB12DC00EB11B4 /* Release */ = {
			isa = XCBuildConfiguration;
			buildSettings = {
				ALWAYS_EMBED_SWIFT_STANDARD_LIBRARIES = YES;
				BUNDLE_LOADER = "$(TEST_HOST)";
				CODE_SIGN_STYLE = Automatic;
				CURRENT_PROJECT_VERSION = 1;
				DEVELOPMENT_TEAM = J6U333HZ7J;
				GENERATE_INFOPLIST_FILE = YES;
				IPHONEOS_DEPLOYMENT_TARGET = 17.0;
				MARKETING_VERSION = 1.0;
				PRODUCT_BUNDLE_IDENTIFIER = "lukaszbielawski.Messenger-OpenAITests";
				PRODUCT_NAME = "$(TARGET_NAME)";
				SWIFT_EMIT_LOC_STRINGS = NO;
				SWIFT_VERSION = 5.0;
				TARGETED_DEVICE_FAMILY = "1,2";
				TEST_HOST = "$(BUILT_PRODUCTS_DIR)/Messenger-OpenAI.app/$(BUNDLE_EXECUTABLE_FOLDER_PATH)/Messenger-OpenAI";
			};
			name = Release;
		};
		B200D19E2ABB12DC00EB11B4 /* Debug */ = {
			isa = XCBuildConfiguration;
			buildSettings = {
				ALWAYS_EMBED_SWIFT_STANDARD_LIBRARIES = YES;
				CODE_SIGN_STYLE = Automatic;
				CURRENT_PROJECT_VERSION = 1;
				DEVELOPMENT_TEAM = J6U333HZ7J;
				GENERATE_INFOPLIST_FILE = YES;
				MARKETING_VERSION = 1.0;
				PRODUCT_BUNDLE_IDENTIFIER = "lukaszbielawski.Messenger-OpenAIUITests";
				PRODUCT_NAME = "$(TARGET_NAME)";
				SWIFT_EMIT_LOC_STRINGS = NO;
				SWIFT_VERSION = 5.0;
				TARGETED_DEVICE_FAMILY = "1,2";
				TEST_TARGET_NAME = "Messenger-OpenAI";
			};
			name = Debug;
		};
		B200D19F2ABB12DC00EB11B4 /* Release */ = {
			isa = XCBuildConfiguration;
			buildSettings = {
				ALWAYS_EMBED_SWIFT_STANDARD_LIBRARIES = YES;
				CODE_SIGN_STYLE = Automatic;
				CURRENT_PROJECT_VERSION = 1;
				DEVELOPMENT_TEAM = J6U333HZ7J;
				GENERATE_INFOPLIST_FILE = YES;
				MARKETING_VERSION = 1.0;
				PRODUCT_BUNDLE_IDENTIFIER = "lukaszbielawski.Messenger-OpenAIUITests";
				PRODUCT_NAME = "$(TARGET_NAME)";
				SWIFT_EMIT_LOC_STRINGS = NO;
				SWIFT_VERSION = 5.0;
				TARGETED_DEVICE_FAMILY = "1,2";
				TEST_TARGET_NAME = "Messenger-OpenAI";
			};
			name = Release;
		};
/* End XCBuildConfiguration section */

/* Begin XCConfigurationList section */
		B200D16A2ABB12DA00EB11B4 /* Build configuration list for PBXProject "Messenger-OpenAI" */ = {
			isa = XCConfigurationList;
			buildConfigurations = (
				B200D1952ABB12DC00EB11B4 /* Debug */,
				B200D1962ABB12DC00EB11B4 /* Release */,
			);
			defaultConfigurationIsVisible = 0;
			defaultConfigurationName = Release;
		};
		B200D1972ABB12DC00EB11B4 /* Build configuration list for PBXNativeTarget "Messenger-OpenAI" */ = {
			isa = XCConfigurationList;
			buildConfigurations = (
				B200D1982ABB12DC00EB11B4 /* Debug */,
				B200D1992ABB12DC00EB11B4 /* Release */,
			);
			defaultConfigurationIsVisible = 0;
			defaultConfigurationName = Release;
		};
		B200D19A2ABB12DC00EB11B4 /* Build configuration list for PBXNativeTarget "Messenger-OpenAITests" */ = {
			isa = XCConfigurationList;
			buildConfigurations = (
				B200D19B2ABB12DC00EB11B4 /* Debug */,
				B200D19C2ABB12DC00EB11B4 /* Release */,
			);
			defaultConfigurationIsVisible = 0;
			defaultConfigurationName = Release;
		};
		B200D19D2ABB12DC00EB11B4 /* Build configuration list for PBXNativeTarget "Messenger-OpenAIUITests" */ = {
			isa = XCConfigurationList;
			buildConfigurations = (
				B200D19E2ABB12DC00EB11B4 /* Debug */,
				B200D19F2ABB12DC00EB11B4 /* Release */,
			);
			defaultConfigurationIsVisible = 0;
			defaultConfigurationName = Release;
		};
/* End XCConfigurationList section */
	};
	rootObject = B200D1672ABB12DA00EB11B4 /* Project object */;
}
